{
  "originHash" : "9fceacbea8d5dc5d95c5f95a2986ab57badcfdfda95adc75d43a0c034efa74d6",
  "pins" : [
    {
      "identity" : "plcrashreporter",
      "kind" : "remoteSourceControl",
      "location" : "https://github.com/microsoft/plcrashreporter.git",
      "state" : {
        "revision" : "0254f941c646b1ed17b243654723d0f071e990d0",
        "version" : "1.12.2"
      }
    },
    {
      "identity" : "posthog-ios",
      "kind" : "remoteSourceControl",
      "location" : "https://github.com/PostHog/posthog-ios.git",
      "state" : {
        "revision" : "d04eaa61de483aefbfcfce16107fe199fd5f13b1",
        "version" : "3.48.2"
      }
    },
    {
      "identity" : "superscript-ios",
      "kind" : "remoteSourceControl",
      "location" : "https://github.com/superwall/Superscript-iOS",
      "state" : {
        "revision" : "711866edcb62dbd237c24ed3e5fa39fad0db639f",
        "version" : "1.0.13"
      }
    },
    {
      "identity" : "superwall-ios",
      "kind" : "remoteSourceControl",
      "location" : "https://github.com/superwall/Superwall-iOS",
      "state" : {
        "revision" : "280fd1afa38875e7e6342bf646f45be6872176e2",
        "version" : "4.14.1"
      }
    }
  ],
  "version" : 3
}
